# THIS IS AN AUTOGENERATED FILE. DO NOT EDIT THIS FILE DIRECTLY.
# yarn lockfile v1


"@types/prop-types@*":
  version "15.5.8"
  resolved "https://registry.yarnpkg.com/@types/prop-types/-/prop-types-15.5.8.tgz#8ae4e0ea205fe95c3901a5a1df7f66495e3a56ce"
  integrity sha512-3AQoUxQcQtLHsK25wtTWIoIpgYjH3vSDroZOUr7PpCHw/jLY1RB9z9E8dBT/OSmwStVgkRNvdh+ZHNiomRieaw==

"@types/react-dom@^16.8.0":
  version "16.8.0"
  resolved "https://registry.yarnpkg.com/@types/react-dom/-/react-dom-16.8.0.tgz#c565f43f9d2ec911f9e0b8f3b74e25e67879aa3f"
  integrity sha512-Jp4ufcEEjVJEB0OHq2MCZcE1u3KYUKO6WnSuiU/tZeYeiZxUoQavfa/TZeiIT+1XoN6l0lQVNM30VINZFDeolQ==
  dependencies:
    "@types/react" "*"

"@types/react-native@^0.57.34":
  version "0.57.34"
  resolved "https://registry.yarnpkg.com/@types/react-native/-/react-native-0.57.34.tgz#f15873386c4eab3accb536c49cef594634c0eafb"
  integrity sha512-jWcxUHZjDmBjXuEVx0MmangkFiWmaQsOVJEmEpTNp55ML+OalEwGNSB8p88kq+SPLVhwOABrbIOcawo5N3qJPw==
  dependencies:
    "@types/prop-types" "*"
    "@types/react" "*"

"@types/react@*", "@types/react@^16.8.2":
  version "16.8.2"
  resolved "https://registry.yarnpkg.com/@types/react/-/react-16.8.2.tgz#3b7a7f7ea89d1c7d68b00849fb5de839011c077b"
  integrity sha512-6mcKsqlqkN9xADrwiUz2gm9Wg4iGnlVGciwBRYFQSMWG6MQjhOZ/AVnxn+6v8nslFgfYTV8fNdE6XwKu6va5PA==
  dependencies:
    "@types/prop-types" "*"
    csstype "^2.2.0"

csstype@^2.2.0:
  version "2.6.2"
  resolved "https://registry.yarnpkg.com/csstype/-/csstype-2.6.2.tgz#3043d5e065454579afc7478a18de41909c8a2f01"
  integrity sha512-Rl7PvTae0pflc1YtxtKbiSqq20Ts6vpIYOD5WBafl4y123DyHUeLrRdQP66sQW8/6gmX8jrYJLXwNeMqYVJcow==

typescript@^3.3.3:
  version "3.3.3"
  resolved "https://registry.yarnpkg.com/typescript/-/typescript-3.3.3.tgz#f1657fc7daa27e1a8930758ace9ae8da31403221"
  integrity sha512-Y21Xqe54TBVp+VDSNbuDYdGw0BpoR/Q6wo/+35M8PAU0vipahnyduJWirxxdxjsAkS7hue53x2zp8gz7F05u0A==
